// !$*UTF8*$!
{
	archiveVersion = 1;
	classes = {
	};
	objectVersion = 55;
	objects = {

/* Begin PBXBuildFile section */
		B4DD89842AD0191500C8E90D /* AppDelegate.swift in Sources */ = {isa = PBXBuildFile; fileRef = B4DD89832AD0191500C8E90D /* AppDelegate.swift */; };
		B4DD89862AD0191500C8E90D /* SceneDelegate.swift in Sources */ = {isa = PBXBuildFile; fileRef = B4DD89852AD0191500C8E90D /* SceneDelegate.swift */; };
		B4DD89882AD0191500C8E90D /* ViewController.swift in Sources */ = {isa = PBXBuildFile; fileRef = B4DD89872AD0191500C8E90D /* ViewController.swift */; };
		B4DD898B2AD0191500C8E90D /* Main.storyboard in Resources */ = {isa = PBXBuildFile; fileRef = B4DD89892AD0191500C8E90D /* Main.storyboard */; };
		B4DD898D2AD0191A00C8E90D /* Assets.xcassets in Resources */ = {isa = PBXBuildFile; fileRef = B4DD898C2AD0191A00C8E90D /* Assets.xcassets */; };
		B4DD89902AD0191A00C8E90D /* LaunchScreen.storyboard in Resources */ = {isa = PBXBuildFile; fileRef = B4DD898E2AD0191A00C8E90D /* LaunchScreen.storyboard */; };
		B4DD899D2AD02C1000C8E90D /* ViewModel.swift in Sources */ = {isa = PBXBuildFile; fileRef = B4DD899C2AD02C1000C8E90D /* ViewModel.swift */; };
		B4DD899F2AD1976900C8E90D /* ViewPresenter.swift in Sources */ = {isa = PBXBuildFile; fileRef = B4DD899E2AD1976900C8E90D /* ViewPresenter.swift */; };
		B4DD89A22AD2FE3400C8E90D /* LabelModelService.swift in Sources */ = {isa = PBXBuildFile; fileRef = B4DD89A12AD2FE3400C8E90D /* LabelModelService.swift */; };
/* End PBXBuildFile section */

/* Begin PBXFileReference section */
		B4DD89802AD0191500C8E90D /* Simple-MVP-App.app */ = {isa = PBXFileReference; explicitFileType = wrapper.application; includeInIndex = 0; path = "Simple-MVP-App.app"; sourceTree = BUILT_PRODUCTS_DIR; };
		B4DD89832AD0191500C8E90D /* AppDelegate.swift */ = {isa = PBXFileReference; lastKnownFileType = sourcecode.swift; path = AppDelegate.swift; sourceTree = "<group>"; };
		B4DD89852AD0191500C8E90D /* SceneDelegate.swift */ = {isa = PBXFileReference; lastKnownFileType = sourcecode.swift; path = SceneDelegate.swift; sourceTree = "<group>"; };
		B4DD89872AD0191500C8E90D /* ViewController.swift */ = {isa = PBXFileReference; lastKnownFileType = sourcecode.swift; path = ViewController.swift; sourceTree = "<group>"; };
		B4DD898A2AD0191500C8E90D /* Base */ = {isa = PBXFileReference; lastKnownFileType = file.storyboard; name = Base; path = Base.lproj/Main.storyboard; sourceTree = "<group>"; };
		B4DD898C2AD0191A00C8E90D /* Assets.xcassets */ = {isa = PBXFileReference; lastKnownFileType = folder.assetcatalog; path = Assets.xcassets; sourceTree = "<group>"; };
		B4DD898F2AD0191A00C8E90D /* Base */ = {isa = PBXFileReference; lastKnownFileType = file.storyboard; name = Base; path = Base.lproj/LaunchScreen.storyboard; sourceTree = "<group>"; };
		B4DD89912AD0191A00C8E90D /* Info.plist */ = {isa = PBXFileReference; lastKnownFileType = text.plist.xml; path = Info.plist; sourceTree = "<group>"; };
		B4DD899C2AD02C1000C8E90D /* ViewModel.swift */ = {isa = PBXFileReference; lastKnownFileType = sourcecode.swift; path = ViewModel.swift; sourceTree = "<group>"; };
		B4DD899E2AD1976900C8E90D /* ViewPresenter.swift */ = {isa = PBXFileReference; lastKnownFileType = sourcecode.swift; path = ViewPresenter.swift; sourceTree = "<group>"; };
		B4DD89A12AD2FE3400C8E90D /* LabelModelService.swift */ = {isa = PBXFileReference; lastKnownFileType = sourcecode.swift; path = LabelModelService.swift; sourceTree = "<group>"; };
/* End PBXFileReference section */

/* Begin PBXFrameworksBuildPhase section */
		B4DD897D2AD0191500C8E90D /* Frameworks */ = {
			isa = PBXFrameworksBuildPhase;
			buildActionMask = 2147483647;
			files = (
			);
			runOnlyForDeploymentPostprocessing = 0;
		};
/* End PBXFrameworksBuildPhase section */

/* Begin PBXGroup section */
		B4DD89772AD0191500C8E90D = {
			isa = PBXGroup;
			children = (
				B4DD89822AD0191500C8E90D /* Simple-MVP-App */,
				B4DD89812AD0191500C8E90D /* Products */,
			);
			sourceTree = "<group>";
		};
		B4DD89812AD0191500C8E90D /* Products */ = {
			isa = PBXGroup;
			children = (
				B4DD89802AD0191500C8E90D /* Simple-MVP-App.app */,
			);
			name = Products;
			sourceTree = "<group>";
		};
		B4DD89822AD0191500C8E90D /* Simple-MVP-App */ = {
			isa = PBXGroup;
			children = (
				B4DD89A02AD2FE2200C8E90D /* service */,
				B4DD899B2AD02BEC00C8E90D /* presenter */,
				B4DD899A2AD02BE700C8E90D /* view */,
				B4DD89992AD02BE200C8E90D /* model */,
				B4DD89832AD0191500C8E90D /* AppDelegate.swift */,
				B4DD89852AD0191500C8E90D /* SceneDelegate.swift */,
				B4DD89892AD0191500C8E90D /* Main.storyboard */,
				B4DD898C2AD0191A00C8E90D /* Assets.xcassets */,
				B4DD898E2AD0191A00C8E90D /* LaunchScreen.storyboard */,
				B4DD89912AD0191A00C8E90D /* Info.plist */,
			);
			path = "Simple-MVP-App";
			sourceTree = "<group>";
		};
		B4DD89992AD02BE200C8E90D /* model */ = {
			isa = PBXGroup;
			children = (
				B4DD899C2AD02C1000C8E90D /* ViewModel.swift */,
			);
			path = model;
			sourceTree = "<group>";
		};
		B4DD899A2AD02BE700C8E90D /* view */ = {
			isa = PBXGroup;
			children = (
				B4DD89872AD0191500C8E90D /* ViewController.swift */,
			);
			path = view;
			sourceTree = "<group>";
		};
		B4DD899B2AD02BEC00C8E90D /* presenter */ = {
			isa = PBXGroup;
			children = (
				B4DD899E2AD1976900C8E90D /* ViewPresenter.swift */,
			);
			path = presenter;
			sourceTree = "<group>";
		};
		B4DD89A02AD2FE2200C8E90D /* service */ = {
			isa = PBXGroup;
			children = (
				B4DD89A12AD2FE3400C8E90D /* LabelModelService.swift */,
			);
			path = service;
			sourceTree = "<group>";
		};
/* End PBXGroup section */

/* Begin PBXNativeTarget section */
		B4DD897F2AD0191500C8E90D /* Simple-MVP-App */ = {
			isa = PBXNativeTarget;
			buildConfigurationList = B4DD89942AD0191A00C8E90D /* Build configuration list for PBXNativeTarget "Simple-MVP-App" */;
			buildPhases = (
				B4DD897C2AD0191500C8E90D /* Sources */,
				B4DD897D2AD0191500C8E90D /* Frameworks */,
				B4DD897E2AD0191500C8E90D /* Resources */,
			);
			buildRules = (
			);
			dependencies = (
			);
			name = "Simple-MVP-App";
			productName = "Simple-MVP-App";
			productReference = B4DD89802AD0191500C8E90D /* Simple-MVP-App.app */;
			productType = "com.apple.product-type.application";
		};
/* End PBXNativeTarget section */

/* Begin PBXProject section */
		B4DD89782AD0191500C8E90D /* Project object */ = {
			isa = PBXProject;
			attributes = {
				BuildIndependentTargetsInParallel = 1;
				LastSwiftUpdateCheck = 1340;
				LastUpgradeCheck = 1340;
				TargetAttributes = {
					B4DD897F2AD0191500C8E90D = {
						CreatedOnToolsVersion = 13.4.1;
					};
				};
			};
			buildConfigurationList = B4DD897B2AD0191500C8E90D /* Build configuration list for PBXProject "Simple-MVP-App" */;
			compatibilityVersion = "Xcode 13.0";
			developmentRegion = en;
			hasScannedForEncodings = 0;
			knownRegions = (
				en,
				Base,
			);
			mainGroup = B4DD89772AD0191500C8E90D;
			productRefGroup = B4DD89812AD0191500C8E90D /* Products */;
			projectDirPath = "";
			projectRoot = "";
			targets = (
				B4DD897F2AD0191500C8E90D /* Simple-MVP-App */,
			);
		};
/* End PBXProject section */

/* Begin PBXResourcesBuildPhase section */
		B4DD897E2AD0191500C8E90D /* Resources */ = {
			isa = PBXResourcesBuildPhase;
			buildActionMask = 2147483647;
			files = (
				B4DD89902AD0191A00C8E90D /* LaunchScreen.storyboard in Resources */,
				B4DD898D2AD0191A00C8E90D /* Assets.xcassets in Resources */,
				B4DD898B2AD0191500C8E90D /* Main.storyboard in Resources */,
			);
			runOnlyForDeploymentPostprocessing = 0;
		};
/* End PBXResourcesBuildPhase section */

/* Begin PBXSourcesBuildPhase section */
		B4DD897C2AD0191500C8E90D /* Sources */ = {
			isa = PBXSourcesBuildPhase;
			buildActionMask = 2147483647;
			files = (
				B4DD899D2AD02C1000C8E90D /* ViewModel.swift in Sources */,
				B4DD89882AD0191500C8E90D /* ViewController.swift in Sources */,
				B4DD89A22AD2FE3400C8E90D /* LabelModelService.swift in Sources */,
				B4DD89842AD0191500C8E90D /* AppDelegate.swift in Sources */,
				B4DD89862AD0191500C8E90D /* SceneDelegate.swift in Sources */,
				B4DD899F2AD1976900C8E90D /* ViewPresenter.swift in Sources */,
			);
			runOnlyForDeploymentPostprocessing = 0;
		};
/* End PBXSourcesBuildPhase section */

/* Begin PBXVariantGroup section */
		B4DD89892AD0191500C8E90D /* Main.storyboard */ = {
			isa = PBXVariantGroup;
			children = (
				B4DD898A2AD0191500C8E90D /* Base */,
			);
			name = Main.storyboard;
			sourceTree = "<group>";
		};
		B4DD898E2AD0191A00C8E90D /* LaunchScreen.storyboard */ = {
			isa = PBXVariantGroup;
			children = (
				B4DD898F2AD0191A00C8E90D /* Base */,
			);
			name = LaunchScreen.storyboard;
			sourceTree = "<group>";
		};
/* End PBXVariantGroup section */

/* Begin XCBuildConfiguration section */
		B4DD89922AD0191A00C8E90D /* Debug */ = {
			isa = XCBuildConfiguration;
			buildSettings = {
				ALWAYS_SEARCH_USER_PATHS = NO;
				CLANG_ANALYZER_NONNULL = YES;
				CLANG_ANALYZER_NUMBER_OBJECT_CONVERSION = YES_AGGRESSIVE;
				CLANG_CXX_LANGUAGE_STANDARD = "gnu++17";
				CLANG_ENABLE_MODULES = YES;
				CLANG_ENABLE_OBJC_ARC = YES;
				CLANG_ENABLE_OBJC_WEAK = YES;
				CLANG_WARN_BLOCK_CAPTURE_AUTORELEASING = YES;
				CLANG_WARN_BOOL_CONVERSION = YES;
				CLANG_WARN_COMMA = YES;
				CLANG_WARN_CONSTANT_CONVERSION = YES;
				CLANG_WARN_DEPRECATED_OBJC_IMPLEMENTATIONS = YES;
				CLANG_WARN_DIRECT_OBJC_ISA_USAGE = YES_ERROR;
				CLANG_WARN_DOCUMENTATION_COMMENTS = YES;
				CLANG_WARN_EMPTY_BODY = YES;
				CLANG_WARN_ENUM_CONVERSION = YES;
				CLANG_WARN_INFINITE_RECURSION = YES;
				CLANG_WARN_INT_CONVERSION = YES;
				CLANG_WARN_NON_LITERAL_NULL_CONVERSION = YES;
				CLANG_WARN_OBJC_IMPLICIT_RETAIN_SELF = YES;
				CLANG_WARN_OBJC_LITERAL_CONVERSION = YES;
				CLANG_WARN_OBJC_ROOT_CLASS = YES_ERROR;
				CLANG_WARN_QUOTED_INCLUDE_IN_FRAMEWORK_HEADER = YES;
				CLANG_WARN_RANGE_LOOP_ANALYSIS = YES;
				CLANG_WARN_STRICT_PROTOTYPES = YES;
				CLANG_WARN_SUSPICIOUS_MOVE = YES;
				CLANG_WARN_UNGUARDED_AVAILABILITY = YES_AGGRESSIVE;
				CLANG_WARN_UNREACHABLE_CODE = YES;
				CLANG_WARN__DUPLICATE_METHOD_MATCH = YES;
				COPY_PHASE_STRIP = NO;
				DEBUG_INFORMATION_FORMAT = dwarf;
				ENABLE_STRICT_OBJC_MSGSEND = YES;
				ENABLE_TESTABILITY = YES;
				GCC_C_LANGUAGE_STANDARD = gnu11;
				GCC_DYNAMIC_NO_PIC = NO;
				GCC_NO_COMMON_BLOCKS = YES;
				GCC_OPTIMIZATION_LEVEL = 0;
				GCC_PREPROCESSOR_DEFINITIONS = (
					"DEBUG=1",
					"$(inherited)",
				);
				GCC_WARN_64_TO_32_BIT_CONVERSION = YES;
				GCC_WARN_ABOUT_RETURN_TYPE = YES_ERROR;
				GCC_WARN_UNDECLARED_SELECTOR = YES;
				GCC_WARN_UNINITIALIZED_AUTOS = YES_AGGRESSIVE;
				GCC_WARN_UNUSED_FUNCTION = YES;
				GCC_WARN_UNUSED_VARIABLE = YES;
				IPHONEOS_DEPLOYMENT_TARGET = 15.5;
				MTL_ENABLE_DEBUG_INFO = INCLUDE_SOURCE;
				MTL_FAST_MATH = YES;
				ONLY_ACTIVE_ARCH = YES;
				SDKROOT = iphoneos;
				SWIFT_ACTIVE_COMPILATION_CONDITIONS = DEBUG;
				SWIFT_OPTIMIZATION_LEVEL = "-Onone";
			};
			name = Debug;
		};
		B4DD89932AD0191A00C8E90D /* Release */ = {
			isa = XCBuildConfiguration;
			buildSettings = {
				ALWAYS_SEARCH_USER_PATHS = NO;
				CLANG_ANALYZER_NONNULL = YES;
				CLANG_ANALYZER_NUMBER_OBJECT_CONVERSION = YES_AGGRESSIVE;
				CLANG_CXX_LANGUAGE_STANDARD = "gnu++17";
				CLANG_ENABLE_MODULES = YES;
				CLANG_ENABLE_OBJC_ARC = YES;
				CLANG_ENABLE_OBJC_WEAK = YES;
				CLANG_WARN_BLOCK_CAPTURE_AUTORELEASING = YES;
				CLANG_WARN_BOOL_CONVERSION = YES;
				CLANG_WARN_COMMA = YES;
				CLANG_WARN_CONSTANT_CONVERSION = YES;
				CLANG_WARN_DEPRECATED_OBJC_IMPLEMENTATIONS = YES;
				CLANG_WARN_DIRECT_OBJC_ISA_USAGE = YES_ERROR;
				CLANG_WARN_DOCUMENTATION_COMMENTS = YES;
				CLANG_WARN_EMPTY_BODY = YES;
				CLANG_WARN_ENUM_CONVERSION = YES;
				CLANG_WARN_INFINITE_RECURSION = YES;
				CLANG_WARN_INT_CONVERSION = YES;
				CLANG_WARN_NON_LITERAL_NULL_CONVERSION = YES;
				CLANG_WARN_OBJC_IMPLICIT_RETAIN_SELF = YES;
				CLANG_WARN_OBJC_LITERAL_CONVERSION = YES;
				CLANG_WARN_OBJC_ROOT_CLASS = YES_ERROR;
				CLANG_WARN_QUOTED_INCLUDE_IN_FRAMEWORK_HEADER = YES;
				CLANG_WARN_RANGE_LOOP_ANALYSIS = YES;
				CLANG_WARN_STRICT_PROTOTYPES = YES;
				CLANG_WARN_SUSPICIOUS_MOVE = YES;
				CLANG_WARN_UNGUARDED_AVAILABILITY = YES_AGGRESSIVE;
				CLANG_WARN_UNREACHABLE_CODE = YES;
				CLANG_WARN__DUPLICATE_METHOD_MATCH = YES;
				COPY_PHASE_STRIP = NO;
				DEBUG_INFORMATION_FORMAT = "dwarf-with-dsym";
				ENABLE_NS_ASSERTIONS = NO;
				ENABLE_STRICT_OBJC_MSGSEND = YES;
				GCC_C_LANGUAGE_STANDARD = gnu11;
				GCC_NO_COMMON_BLOCKS = YES;
				GCC_WARN_64_TO_32_BIT_CONVERSION = YES;
				GCC_WARN_ABOUT_RETURN_TYPE = YES_ERROR;
				GCC_WARN_UNDECLARED_SELECTOR = YES;
				GCC_WARN_UNINITIALIZED_AUTOS = YES_AGGRESSIVE;
				GCC_WARN_UNUSED_FUNCTION = YES;
				GCC_WARN_UNUSED_VARIABLE = YES;
				IPHONEOS_DEPLOYMENT_TARGET = 15.5;
				MTL_ENABLE_DEBUG_INFO = NO;
				MTL_FAST_MATH = YES;
				SDKROOT = iphoneos;
				SWIFT_COMPILATION_MODE = wholemodule;
				SWIFT_OPTIMIZATION_LEVEL = "-O";
				VALIDATE_PRODUCT = YES;
			};
			name = Release;
		};
		B4DD89952AD0191A00C8E90D /* Debug */ = {
			isa = XCBuildConfiguration;
			buildSettings = {
				ASSETCATALOG_COMPILER_APPICON_NAME = AppIcon;
				ASSETCATALOG_COMPILER_GLOBAL_ACCENT_COLOR_NAME = AccentColor;
				CODE_SIGN_STYLE = Automatic;
				CURRENT_PROJECT_VERSION = 1;
				DEVELOPMENT_TEAM = 8YWRL64VCF;
				GENERATE_INFOPLIST_FILE = YES;
				INFOPLIST_FILE = "Simple-MVP-App/Info.plist";
				INFOPLIST_KEY_UIApplicationSupportsIndirectInputEvents = YES;
				INFOPLIST_KEY_UILaunchStoryboardName = LaunchScreen;
				INFOPLIST_KEY_UIMainStoryboardFile = Main;
				INFOPLIST_KEY_UISupportedInterfaceOrientations_iPad = "UIInterfaceOrientationPortrait UIInterfaceOrientationPortraitUpsideDown UIInterfaceOrientationLandscapeLeft UIInterfaceOrientationLandscapeRight";
				INFOPLIST_KEY_UISupportedInterfaceOrientations_iPhone = "UIInterfaceOrientationPortrait UIInterfaceOrientationLandscapeLeft UIInterfaceOrientationLandscapeRight";
				LD_RUNPATH_SEARCH_PATHS = (
					"$(inherited)",
					"@executable_path/Frameworks",
				);
				MARKETING_VERSION = 1.0;
				PRODUCT_BUNDLE_IDENTIFIER = "EfeAdzhar.Simple-MVP-App";
				PRODUCT_NAME = "$(TARGET_NAME)";
				SWIFT_EMIT_LOC_STRINGS = YES;
				SWIFT_VERSION = 5.0;
				TARGETED_DEVICE_FAMILY = "1,2";
			};
			name = Debug;
		};
		B4DD89962AD0191A00C8E90D /* Release */ = {
			isa = XCBuildConfiguration;
			buildSettings = {
				ASSETCATALOG_COMPILER_APPICON_NAME = AppIcon;
				ASSETCATALOG_COMPILER_GLOBAL_ACCENT_COLOR_NAME = AccentColor;
				CODE_SIGN_STYLE = Automatic;
				CURRENT_PROJECT_VERSION = 1;
				DEVELOPMENT_TEAM = 8YWRL64VCF;
				GENERATE_INFOPLIST_FILE = YES;
				INFOPLIST_FILE = "Simple-MVP-App/Info.plist";
				INFOPLIST_KEY_UIApplicationSupportsIndirectInputEvents = YES;
				INFOPLIST_KEY_UILaunchStoryboardName = LaunchScreen;
				INFOPLIST_KEY_UIMainStoryboardFile = Main;
				INFOPLIST_KEY_UISupportedInterfaceOrientations_iPad = "UIInterfaceOrientationPortrait UIInterfaceOrientationPortraitUpsideDown UIInterfaceOrientationLandscapeLeft UIInterfaceOrientationLandscapeRight";
				INFOPLIST_KEY_UISupportedInterfaceOrientations_iPhone = "UIInterfaceOrientationPortrait UIInterfaceOrientationLandscapeLeft UIInterfaceOrientationLandscapeRight";
				LD_RUNPATH_SEARCH_PATHS = (
					"$(inherited)",
					"@executable_path/Frameworks",
				);
				MARKETING_VERSION = 1.0;
				PRODUCT_BUNDLE_IDENTIFIER = "EfeAdzhar.Simple-MVP-App";
				PRODUCT_NAME = "$(TARGET_NAME)";
				SWIFT_EMIT_LOC_STRINGS = YES;
				SWIFT_VERSION = 5.0;
				TARGETED_DEVICE_FAMILY = "1,2";
			};
			name = Release;
		};
/* End XCBuildConfiguration section */

/* Begin XCConfigurationList section */
		B4DD897B2AD0191500C8E90D /* Build configuration list for PBXProject "Simple-MVP-App" */ = {
			isa = XCConfigurationList;
			buildConfigurations = (
				B4DD89922AD0191A00C8E90D /* Debug */,
				B4DD89932AD0191A00C8E90D /* Release */,
			);
			defaultConfigurationIsVisible = 0;
			defaultConfigurationName = Release;
		};
		B4DD89942AD0191A00C8E90D /* Build configuration list for PBXNativeTarget "Simple-MVP-App" */ = {
			isa = XCConfigurationList;
			buildConfigurations = (
				B4DD89952AD0191A00C8E90D /* Debug */,
				B4DD89962AD0191A00C8E90D /* Release */,
			);
			defaultConfigurationIsVisible = 0;
			defaultConfigurationName = Release;
		};
/* End XCConfigurationList section */
	};
	rootObject = B4DD89782AD0191500C8E90D /* Project object */;
}
